
Microsoft Visual Studio Solution File, Format Version 12.00
# Visual Studio Version 17
VisualStudioVersion = 17.14.36518.9
MinimumVisualStudioVersion = 10.0.40219.1
Project("{FAE04EC0-301F-11D3-BF4B-00C04F79EFBC}") = "StepLib", "StepLib\StepLib.csproj", "{04C23333-A5F8-45C7-8671-5570FBF7261B}"
EndProject
Project("{FAE04EC0-301F-11D3-BF4B-00C04F79EFBC}") = "StepConsole", "StepConsole\StepConsole.csproj", "{16A2E28B-B0FD-47DB-A8E3-120CCE2352C0}"
EndProject
Project("{FAE04EC0-301F-11D3-BF4B-00C04F79EFBC}") = "StepWinForms", "StepWinForms\StepWinForms.csproj", "{DF2E3D6B-5B5D-4D2E-A52D-C20BDC78E4EA}"
EndProject
Project("{FAE04EC0-301F-11D3-BF4B-00C04F79EFBC}") = "StepWeb", "StepWeb\StepWeb.csproj", "{15D48EB8-8B9D-4C50-B120-1A79587A47D6}"
EndProject
Global
	GlobalSection(SolutionConfigurationPlatforms) = preSolution
		Debug|Any CPU = Debug|Any CPU
		Release|Any CPU = Release|Any CPU
	EndGlobalSection
	GlobalSection(ProjectConfigurationPlatforms) = postSolution
		{04C23333-A5F8-45C7-8671-5570FBF7261B}.Debug|Any CPU.ActiveCfg = Debug|Any CPU
		{04C23333-A5F8-45C7-8671-5570FBF7261B}.Debug|Any CPU.Build.0 = Debug|Any CPU
		{04C23333-A5F8-45C7-8671-5570FBF7261B}.Release|Any CPU.ActiveCfg = Release|Any CPU
		{04C23333-A5F8-45C7-8671-5570FBF7261B}.Release|Any CPU.Build.0 = Release|Any CPU
		{16A2E28B-B0FD-47DB-A8E3-120CCE2352C0}.Debug|Any CPU.ActiveCfg = Debug|Any CPU
		{16A2E28B-B0FD-47DB-A8E3-120CCE2352C0}.Debug|Any CPU.Build.0 = Debug|Any CPU
		{16A2E28B-B0FD-47DB-A8E3-120CCE2352C0}.Release|Any CPU.ActiveCfg = Release|Any CPU
		{16A2E28B-B0FD-47DB-A8E3-120CCE2352C0}.Release|Any CPU.Build.0 = Release|Any CPU
		{DF2E3D6B-5B5D-4D2E-A52D-C20BDC78E4EA}.Debug|Any CPU.ActiveCfg = Debug|Any CPU
		{DF2E3D6B-5B5D-4D2E-A52D-C20BDC78E4EA}.Debug|Any CPU.Build.0 = Debug|Any CPU
		{DF2E3D6B-5B5D-4D2E-A52D-C20BDC78E4EA}.Release|Any CPU.ActiveCfg = Release|Any CPU
		{DF2E3D6B-5B5D-4D2E-A52D-C20BDC78E4EA}.Release|Any CPU.Build.0 = Release|Any CPU
		{15D48EB8-8B9D-4C50-B120-1A79587A47D6}.Debug|Any CPU.ActiveCfg = Debug|Any CPU
		{15D48EB8-8B9D-4C50-B120-1A79587A47D6}.Debug|Any CPU.Build.0 = Debug|Any CPU
		{15D48EB8-8B9D-4C50-B120-1A79587A47D6}.Release|Any CPU.ActiveCfg = Release|Any CPU
		{15D48EB8-8B9D-4C50-B120-1A79587A47D6}.Release|Any CPU.Build.0 = Release|Any CPU
	EndGlobalSection
	GlobalSection(SolutionProperties) = preSolution
		HideSolutionNode = FALSE
	EndGlobalSection
	GlobalSection(ExtensibilityGlobals) = postSolution
		SolutionGuid = {06472726-4306-4EC6-B0D4-890E0542E3BE}
	EndGlobalSection
EndGlobal
